
Microsoft Visual Studio Solution File, Format Version 12.00
# Visual Studio Version 16
VisualStudioVersion = 16.0.31112.23
MinimumVisualStudioVersion = 10.0.40219.1
Project("{FAE04EC0-301F-11D3-BF4B-00C04F79EFBC}") = "mssqlDemo", "mssqlDemo\mssqlDemo.csproj", "{4B1904E4-776F-4349-BDEE-570A1C200525}"
EndProject
Global
	GlobalSection(SolutionConfigurationPlatforms) = preSolution
		Debug|Any CPU = Debug|Any CPU
		Release|Any CPU = Release|Any CPU
	EndGlobalSection
	GlobalSection(ProjectConfigurationPlatforms) = postSolution
		{4B1904E4-776F-4349-BDEE-570A1C200525}.Debug|Any CPU.ActiveCfg = Debug|Any CPU
		{4B1904E4-776F-4349-BDEE-570A1C200525}.Debug|Any CPU.Build.0 = Debug|Any CPU
		{4B1904E4-776F-4349-BDEE-570A1C200525}.Release|Any CPU.ActiveCfg = Release|Any CPU
		{4B1904E4-776F-4349-BDEE-570A1C200525}.Release|Any CPU.Build.0 = Release|Any CPU
	EndGlobalSection
	GlobalSection(SolutionProperties) = preSolution
		HideSolutionNode = FALSE
	EndGlobalSection
	GlobalSection(ExtensibilityGlobals) = postSolution
		SolutionGuid = {6B85A75A-7138-44D1-B19D-D19B3CB53A9C}
	EndGlobalSection
EndGlobal
